
Microsoft Visual Studio Solution File, Format Version 12.00
# Visual Studio 15
VisualStudioVersion = 15.0.26730.12
MinimumVisualStudioVersion = 10.0.40219.1
Project("{FAE04EC0-301F-11D3-BF4B-00C04F79EFBC}") = "ISC", "..\ISC\ISC.csproj", "{1AB31F5C-3335-4D30-83D9-EC94ADE7234F}"
EndProject
Project("{FAE04EC0-301F-11D3-BF4B-00C04F79EFBC}") = "CL", "..\CL\CL.csproj", "{38E1CD61-7380-4684-BC6D-AA1E2E0DC11E}"
EndProject
Global
	GlobalSection(SolutionConfigurationPlatforms) = preSolution
		Debug|Any CPU = Debug|Any CPU
		Release|Any CPU = Release|Any CPU
	EndGlobalSection
	GlobalSection(ProjectConfigurationPlatforms) = postSolution
		{1AB31F5C-3335-4D30-83D9-EC94ADE7234F}.Debug|Any CPU.ActiveCfg = Debug|Any CPU
		{1AB31F5C-3335-4D30-83D9-EC94ADE7234F}.Debug|Any CPU.Build.0 = Debug|Any CPU
		{1AB31F5C-3335-4D30-83D9-EC94ADE7234F}.Release|Any CPU.ActiveCfg = Release|Any CPU
		{1AB31F5C-3335-4D30-83D9-EC94ADE7234F}.Release|Any CPU.Build.0 = Release|Any CPU
		{38E1CD61-7380-4684-BC6D-AA1E2E0DC11E}.Debug|Any CPU.ActiveCfg = Debug|Any CPU
		{38E1CD61-7380-4684-BC6D-AA1E2E0DC11E}.Debug|Any CPU.Build.0 = Debug|Any CPU
		{38E1CD61-7380-4684-BC6D-AA1E2E0DC11E}.Release|Any CPU.ActiveCfg = Release|Any CPU
		{38E1CD61-7380-4684-BC6D-AA1E2E0DC11E}.Release|Any CPU.Build.0 = Release|Any CPU
	EndGlobalSection
	GlobalSection(SolutionProperties) = preSolution
		HideSolutionNode = FALSE
	EndGlobalSection
	GlobalSection(ExtensibilityGlobals) = postSolution
		SolutionGuid = {06724547-8690-4F75-B7F0-D78C82214244}
	EndGlobalSection
EndGlobal
